// !$*UTF8*$!
{
	archiveVersion = 1;
	classes = {
	};
	objectVersion = 46;
	objects = {

/* Begin PBXBuildFile section */
		83B4C7E015FE897500F6F2EC /* UIKit.framework in Frameworks */ = {isa = PBXBuildFile; fileRef = 83B4C7DF15FE897500F6F2EC /* UIKit.framework */; };
		83B4C7E215FE897500F6F2EC /* Foundation.framework in Frameworks */ = {isa = PBXBuildFile; fileRef = 83B4C7E115FE897500F6F2EC /* Foundation.framework */; };
		83B4C7E415FE897500F6F2EC /* CoreGraphics.framework in Frameworks */ = {isa = PBXBuildFile; fileRef = 83B4C7E315FE897500F6F2EC /* CoreGraphics.framework */; };
		83B4C7EA15FE897500F6F2EC /* InfoPlist.strings in Resources */ = {isa = PBXBuildFile; fileRef = 83B4C7E815FE897500F6F2EC /* InfoPlist.strings */; };
		83B4C7EC15FE897500F6F2EC /* main.m in Sources */ = {isa = PBXBuildFile; fileRef = 83B4C7EB15FE897500F6F2EC /* main.m */; };
		83B4C7F015FE897500F6F2EC /* AppDelegate.m in Sources */ = {isa = PBXBuildFile; fileRef = 83B4C7EF15FE897500F6F2EC /* AppDelegate.m */; };
		83B4C7F315FE897500F6F2EC /* ViewController.m in Sources */ = {isa = PBXBuildFile; fileRef = 83B4C7F215FE897500F6F2EC /* ViewController.m */; };
		83B4C7F615FE897500F6F2EC /* ViewController.xib in Resources */ = {isa = PBXBuildFile; fileRef = 83B4C7F415FE897500F6F2EC /* ViewController.xib */; };
/* End PBXBuildFile section */

/* Begin PBXFileReference section */
		83B4C7DB15FE897500F6F2EC /* project3.app */ = {isa = PBXFileReference; explicitFileType = wrapper.application; includeInIndex = 0; path = project3.app; sourceTree = BUILT_PRODUCTS_DIR; };
		83B4C7DF15FE897500F6F2EC /* UIKit.framework */ = {isa = PBXFileReference; lastKnownFileType = wrapper.framework; name = UIKit.framework; path = System/Library/Frameworks/UIKit.framework; sourceTree = SDKROOT; };
		83B4C7E115FE897500F6F2EC /* Foundation.framework */ = {isa = PBXFileReference; lastKnownFileType = wrapper.framework; name = Foundation.framework; path = System/Library/Frameworks/Foundation.framework; sourceTree = SDKROOT; };
		83B4C7E315FE897500F6F2EC /* CoreGraphics.framework */ = {isa = PBXFileReference; lastKnownFileType = wrapper.framework; name = CoreGraphics.framework; path = System/Library/Frameworks/CoreGraphics.framework; sourceTree = SDKROOT; };
		83B4C7E715FE897500F6F2EC /* project3-Info.plist */ = {isa = PBXFileReference; lastKnownFileType = text.plist.xml; path = "project3-Info.plist"; sourceTree = "<group>"; };
		83B4C7E915FE897500F6F2EC /* en */ = {isa = PBXFileReference; lastKnownFileType = text.plist.strings; name = en; path = en.lproj/InfoPlist.strings; sourceTree = "<group>"; };
		83B4C7EB15FE897500F6F2EC /* main.m */ = {isa = PBXFileReference; lastKnownFileType = sourcecode.c.objc; path = main.m; sourceTree = "<group>"; };
		83B4C7ED15FE897500F6F2EC /* project3-Prefix.pch */ = {isa = PBXFileReference; lastKnownFileType = sourcecode.c.h; path = "project3-Prefix.pch"; sourceTree = "<group>"; };
		83B4C7EE15FE897500F6F2EC /* AppDelegate.h */ = {isa = PBXFileReference; lastKnownFileType = sourcecode.c.h; path = AppDelegate.h; sourceTree = "<group>"; };
		83B4C7EF15FE897500F6F2EC /* AppDelegate.m */ = {isa = PBXFileReference; lastKnownFileType = sourcecode.c.objc; path = AppDelegate.m; sourceTree = "<group>"; };
		83B4C7F115FE897500F6F2EC /* ViewController.h */ = {isa = PBXFileReference; lastKnownFileType = sourcecode.c.h; path = ViewController.h; sourceTree = "<group>"; };
		83B4C7F215FE897500F6F2EC /* ViewController.m */ = {isa = PBXFileReference; lastKnownFileType = sourcecode.c.objc; path = ViewController.m; sourceTree = "<group>"; };
		83B4C7F515FE897500F6F2EC /* en */ = {isa = PBXFileReference; lastKnownFileType = file.xib; name = en; path = en.lproj/ViewController.xib; sourceTree = "<group>"; };
/* End PBXFileReference section */

/* Begin PBXFrameworksBuildPhase section */
		83B4C7D815FE897500F6F2EC /* Frameworks */ = {
			isa = PBXFrameworksBuildPhase;
			buildActionMask = 2147483647;
			files = (
				83B4C7E015FE897500F6F2EC /* UIKit.framework in Frameworks */,
				83B4C7E215FE897500F6F2EC /* Foundation.framework in Frameworks */,
				83B4C7E415FE897500F6F2EC /* CoreGraphics.framework in Frameworks */,
			);
			runOnlyForDeploymentPostprocessing = 0;
		};
/* End PBXFrameworksBuildPhase section */

/* Begin PBXGroup section */
		83B4C7D015FE897500F6F2EC = {
			isa = PBXGroup;
			children = (
				83B4C7E515FE897500F6F2EC /* project3 */,
				83B4C7DE15FE897500F6F2EC /* Frameworks */,
				83B4C7DC15FE897500F6F2EC /* Products */,
			);
			sourceTree = "<group>";
		};
		83B4C7DC15FE897500F6F2EC /* Products */ = {
			isa = PBXGroup;
			children = (
				83B4C7DB15FE897500F6F2EC /* project3.app */,
			);
			name = Products;
			sourceTree = "<group>";
		};
		83B4C7DE15FE897500F6F2EC /* Frameworks */ = {
			isa = PBXGroup;
			children = (
				83B4C7DF15FE897500F6F2EC /* UIKit.framework */,
				83B4C7E115FE897500F6F2EC /* Foundation.framework */,
				83B4C7E315FE897500F6F2EC /* CoreGraphics.framework */,
			);
			name = Frameworks;
			sourceTree = "<group>";
		};
		83B4C7E515FE897500F6F2EC /* project3 */ = {
			isa = PBXGroup;
			children = (
				83B4C7EE15FE897500F6F2EC /* AppDelegate.h */,
				83B4C7EF15FE897500F6F2EC /* AppDelegate.m */,
				83B4C7F115FE897500F6F2EC /* ViewController.h */,
				83B4C7F215FE897500F6F2EC /* ViewController.m */,
				83B4C7F415FE897500F6F2EC /* ViewController.xib */,
				83B4C7E615FE897500F6F2EC /* Supporting Files */,
			);
			path = project3;
			sourceTree = "<group>";
		};
		83B4C7E615FE897500F6F2EC /* Supporting Files */ = {
			isa = PBXGroup;
			children = (
				83B4C7E715FE897500F6F2EC /* project3-Info.plist */,
				83B4C7E815FE897500F6F2EC /* InfoPlist.strings */,
				83B4C7EB15FE897500F6F2EC /* main.m */,
				83B4C7ED15FE897500F6F2EC /* project3-Prefix.pch */,
			);
			name = "Supporting Files";
			sourceTree = "<group>";
		};
/* End PBXGroup section */

/* Begin PBXNativeTarget section */
		83B4C7DA15FE897500F6F2EC /* project3 */ = {
			isa = PBXNativeTarget;
			buildConfigurationList = 83B4C7F915FE897500F6F2EC /* Build configuration list for PBXNativeTarget "project3" */;
			buildPhases = (
				83B4C7D715FE897500F6F2EC /* Sources */,
				83B4C7D815FE897500F6F2EC /* Frameworks */,
				83B4C7D915FE897500F6F2EC /* Resources */,
			);
			buildRules = (
			);
			dependencies = (
			);
			name = project3;
			productName = project3;
			productReference = 83B4C7DB15FE897500F6F2EC /* project3.app */;
			productType = "com.apple.product-type.application";
		};
/* End PBXNativeTarget section */

/* Begin PBXProject section */
		83B4C7D215FE897500F6F2EC /* Project object */ = {
			isa = PBXProject;
			attributes = {
				LastUpgradeCheck = 0440;
				ORGANIZATIONNAME = "Rueben Anderson";
			};
			buildConfigurationList = 83B4C7D515FE897500F6F2EC /* Build configuration list for PBXProject "project3" */;
			compatibilityVersion = "Xcode 3.2";
			developmentRegion = English;
			hasScannedForEncodings = 0;
			knownRegions = (
				en,
			);
			mainGroup = 83B4C7D015FE897500F6F2EC;
			productRefGroup = 83B4C7DC15FE897500F6F2EC /* Products */;
			projectDirPath = "";
			projectRoot = "";
			targets = (
				83B4C7DA15FE897500F6F2EC /* project3 */,
			);
		};
/* End PBXProject section */

/* Begin PBXResourcesBuildPhase section */
		83B4C7D915FE897500F6F2EC /* Resources */ = {
			isa = PBXResourcesBuildPhase;
			buildActionMask = 2147483647;
			files = (
				83B4C7EA15FE897500F6F2EC /* InfoPlist.strings in Resources */,
				83B4C7F615FE897500F6F2EC /* ViewController.xib in Resources */,
			);
			runOnlyForDeploymentPostprocessing = 0;
		};
/* End PBXResourcesBuildPhase section */

/* Begin PBXSourcesBuildPhase section */
		83B4C7D715FE897500F6F2EC /* Sources */ = {
			isa = PBXSourcesBuildPhase;
			buildActionMask = 2147483647;
			files = (
				83B4C7EC15FE897500F6F2EC /* main.m in Sources */,
				83B4C7F015FE897500F6F2EC /* AppDelegate.m in Sources */,
				83B4C7F315FE897500F6F2EC /* ViewController.m in Sources */,
			);
			runOnlyForDeploymentPostprocessing = 0;
		};
/* End PBXSourcesBuildPhase section */

/* Begin PBXVariantGroup section */
		83B4C7E815FE897500F6F2EC /* InfoPlist.strings */ = {
			isa = PBXVariantGroup;
			children = (
				83B4C7E915FE897500F6F2EC /* en */,
			);
			name = InfoPlist.strings;
			sourceTree = "<group>";
		};
		83B4C7F415FE897500F6F2EC /* ViewController.xib */ = {
			isa = PBXVariantGroup;
			children = (
				83B4C7F515FE897500F6F2EC /* en */,
			);
			name = ViewController.xib;
			sourceTree = "<group>";
		};
/* End PBXVariantGroup section */

/* Begin XCBuildConfiguration section */
		83B4C7F715FE897500F6F2EC /* Debug */ = {
			isa = XCBuildConfiguration;
			buildSettings = {
				ALWAYS_SEARCH_USER_PATHS = NO;
				ARCHS = "$(ARCHS_STANDARD_32_BIT)";
				CLANG_CXX_LANGUAGE_STANDARD = "gnu++0x";
				CLANG_WARN__DUPLICATE_METHOD_MATCH = YES;
				"CODE_SIGN_IDENTITY[sdk=iphoneos*]" = "iPhone Developer";
				COPY_PHASE_STRIP = NO;
				GCC_C_LANGUAGE_STANDARD = gnu99;
				GCC_DYNAMIC_NO_PIC = NO;
				GCC_OPTIMIZATION_LEVEL = 0;
				GCC_PREPROCESSOR_DEFINITIONS = (
					"DEBUG=1",
					"$(inherited)",
				);
				GCC_SYMBOLS_PRIVATE_EXTERN = NO;
				GCC_VERSION = com.apple.compilers.llvm.clang.1_0;
				GCC_WARN_ABOUT_RETURN_TYPE = YES;
				GCC_WARN_UNINITIALIZED_AUTOS = YES;
				GCC_WARN_UNUSED_VARIABLE = YES;
				IPHONEOS_DEPLOYMENT_TARGET = 5.1;
				SDKROOT = iphoneos;
			};
			name = Debug;
		};
		83B4C7F815FE897500F6F2EC /* Release */ = {
			isa = XCBuildConfiguration;
			buildSettings = {
				ALWAYS_SEARCH_USER_PATHS = NO;
				ARCHS = "$(ARCHS_STANDARD_32_BIT)";
				CLANG_CXX_LANGUAGE_STANDARD = "gnu++0x";
				CLANG_WARN__DUPLICATE_METHOD_MATCH = YES;
				"CODE_SIGN_IDENTITY[sdk=iphoneos*]" = "iPhone Developer";
				COPY_PHASE_STRIP = YES;
				GCC_C_LANGUAGE_STANDARD = gnu99;
				GCC_VERSION = com.apple.compilers.llvm.clang.1_0;
				GCC_WARN_ABOUT_RETURN_TYPE = YES;
				GCC_WARN_UNINITIALIZED_AUTOS = YES;
				GCC_WARN_UNUSED_VARIABLE = YES;
				IPHONEOS_DEPLOYMENT_TARGET = 5.1;
				OTHER_CFLAGS = "-DNS_BLOCK_ASSERTIONS=1";
				SDKROOT = iphoneos;
				VALIDATE_PRODUCT = YES;
			};
			name = Release;
		};
		83B4C7FA15FE897500F6F2EC /* Debug */ = {
			isa = XCBuildConfiguration;
			buildSettings = {
				GCC_PRECOMPILE_PREFIX_HEADER = YES;
				GCC_PREFIX_HEADER = "project3/project3-Prefix.pch";
				INFOPLIST_FILE = "project3/project3-Info.plist";
				PRODUCT_NAME = "$(TARGET_NAME)";
				WRAPPER_EXTENSION = app;
			};
			name = Debug;
		};
		83B4C7FB15FE897500F6F2EC /* Release */ = {
			isa = XCBuildConfiguration;
			buildSettings = {
				GCC_PRECOMPILE_PREFIX_HEADER = YES;
				GCC_PREFIX_HEADER = "project3/project3-Prefix.pch";
				INFOPLIST_FILE = "project3/project3-Info.plist";
				PRODUCT_NAME = "$(TARGET_NAME)";
				WRAPPER_EXTENSION = app;
			};
			name = Release;
		};
/* End XCBuildConfiguration section */

/* Begin XCConfigurationList section */
		83B4C7D515FE897500F6F2EC /* Build configuration list for PBXProject "project3" */ = {
			isa = XCConfigurationList;
			buildConfigurations = (
				83B4C7F715FE897500F6F2EC /* Debug */,
				83B4C7F815FE897500F6F2EC /* Release */,
			);
			defaultConfigurationIsVisible = 0;
			defaultConfigurationName = Release;
		};
		83B4C7F915FE897500F6F2EC /* Build configuration list for PBXNativeTarget "project3" */ = {
			isa = XCConfigurationList;
			buildConfigurations = (
				83B4C7FA15FE897500F6F2EC /* Debug */,
				83B4C7FB15FE897500F6F2EC /* Release */,
			);
			defaultConfigurationIsVisible = 0;
		};
/* End XCConfigurationList section */
	};
	rootObject = 83B4C7D215FE897500F6F2EC /* Project object */;
}
